{
  "version": 4,
  "terraform_version": "1.9.8",
  "serial": 24,
  "lineage": "267c2dfd-3658-f079-8029-fadf368ed090",
  "outputs": {
    "vm_ip": {
      "value": "54.75.190.135",
      "type": "string"
    }
  },
  "resources": [
    {
      "mode": "managed",
      "type": "aws_instance",
      "name": "vm",
      "provider": "provider[\"registry.terraform.io/hashicorp/aws\"]",
      "instances": [
        {
          "schema_version": 1,
          "attributes": {
            "ami": "ami-03ca36368dbc9cfa1",
            "arn": "arn:aws:ec2:eu-west-1:588738582933:instance/i-086a163fe3d39d00f",
            "associate_public_ip_address": true,
            "availability_zone": "eu-west-1b",
            "capacity_reservation_specification": [
              {
                "capacity_reservation_preference": "open",
                "capacity_reservation_target": []
              }
            ],
            "cpu_core_count": 1,
            "cpu_options": [
              {
                "amd_sev_snp": "",
                "core_count": 1,
                "threads_per_core": 1
              }
            ],
            "cpu_threads_per_core": 1,
            "credit_specification": [
              {
                "cpu_credits": "standard"
              }
            ],
            "disable_api_stop": false,
            "disable_api_termination": false,
            "ebs_block_device": [],
            "ebs_optimized": false,
            "enclave_options": [
              {
                "enabled": false
              }
            ],
            "ephemeral_block_device": [],
            "get_password_data": false,
            "hibernation": false,
            "host_id": "",
            "host_resource_group_arn": null,
            "iam_instance_profile": "",
            "id": "i-086a163fe3d39d00f",
            "instance_initiated_shutdown_behavior": "stop",
            "instance_lifecycle": "",
            "instance_market_options": [],
            "instance_state": "running",
            "instance_type": "t2.micro",
            "ipv6_address_count": 0,
            "ipv6_addresses": [],
            "key_name": "my-key-pair",
            "launch_template": [],
            "maintenance_options": [
              {
                "auto_recovery": "default"
              }
            ],
            "metadata_options": [
              {
                "http_endpoint": "enabled",
                "http_protocol_ipv6": "disabled",
                "http_put_response_hop_limit": 2,
                "http_tokens": "required",
                "instance_metadata_tags": "disabled"
              }
            ],
            "monitoring": false,
            "network_interface": [],
            "outpost_arn": "",
            "password_data": "",
            "placement_group": "",
            "placement_partition_number": 0,
            "primary_network_interface_id": "eni-04f3cabba6f9040f7",
            "private_dns": "ip-172-31-18-40.eu-west-1.compute.internal",
            "private_dns_name_options": [
              {
                "enable_resource_name_dns_a_record": false,
                "enable_resource_name_dns_aaaa_record": false,
                "hostname_type": "ip-name"
              }
            ],
            "private_ip": "172.31.18.40",
            "public_dns": "ec2-54-75-190-135.eu-west-1.compute.amazonaws.com",
            "public_ip": "54.75.190.135",
            "root_block_device": [
              {
                "delete_on_termination": true,
                "device_name": "/dev/xvda",
                "encrypted": false,
                "iops": 3000,
                "kms_key_id": "",
                "tags": {},
                "tags_all": {},
                "throughput": 125,
                "volume_id": "vol-0981ef9170ac875bf",
                "volume_size": 8,
                "volume_type": "gp3"
              }
            ],
            "secondary_private_ips": [],
            "security_groups": [
              "vm_security_group"
            ],
            "source_dest_check": true,
            "spot_instance_request_id": "",
            "subnet_id": "subnet-0da4c5ddaa762495c",
            "tags": {
              "Name": "TerraformVM"
            },
            "tags_all": {
              "Name": "TerraformVM"
            },
            "tenancy": "default",
            "timeouts": null,
            "user_data": null,
            "user_data_base64": null,
            "user_data_replace_on_change": false,
            "volume_tags": null,
            "vpc_security_group_ids": [
              "sg-0fe056bae4c973f6f"
            ]
          },
          "sensitive_attributes": [],
          "private": "eyJlMmJmYjczMC1lY2FhLTExZTYtOGY4OC0zNDM2M2JjN2M0YzAiOnsiY3JlYXRlIjo2MDAwMDAwMDAwMDAsImRlbGV0ZSI6MTIwMDAwMDAwMDAwMCwicmVhZCI6OTAwMDAwMDAwMDAwLCJ1cGRhdGUiOjYwMDAwMDAwMDAwMH0sInNjaGVtYV92ZXJzaW9uIjoiMSJ9",
          "dependencies": [
            "aws_key_pair.my_key",
            "aws_security_group.vm_sg"
          ]
        }
      ]
    },
    {
      "mode": "managed",
      "type": "aws_key_pair",
      "name": "my_key",
      "provider": "provider[\"registry.terraform.io/hashicorp/aws\"]",
      "instances": [
        {
          "schema_version": 1,
          "attributes": {
            "arn": "arn:aws:ec2:eu-west-1:588738582933:key-pair/my-key-pair",
            "fingerprint": "f4:e3:c6:e3:6b:53:01:37:88:e7:f5:a1:a1:db:3c:d8",
            "id": "my-key-pair",
            "key_name": "my-key-pair",
            "key_name_prefix": "",
            "key_pair_id": "key-022669e0c2f074c42",
            "key_type": "rsa",
            "public_key": "ssh-rsa AAAAB3NzaC1yc2EAAAADAQABAAABAQDsGO4ADr2hVeLrT7fzSVzqxTjR0IY6BbXWBS3WH6jOYDXJ8Ui9wj+/vm1lMqv3gVc+sLujo8rqlwB6UccQRLTO9OhvyAih7WABJPuI3NQD3RoEu4ZVBECjtuC0yPp8zI7nCjEoVaSlj6irYEH+80pvSvR6gH6bhvXPaR6vywHp0G6mRy+zi/9XVo3jLdIORtlSm3gLw9r10fIkhKAEYw+Df/+W+fLhqtMZKjtrIa9f5ebr7RpkVVau94arn+gzi0amcn/d/TjHXTPTkx6GjnkpvyzIN/H4QD/Cji0Y5av3+Y3NtoEBcLXsLoVhrtNdnuGchoiECBTs60NFnow5ExCr mit@LAPTOP-KA0708LB",
            "tags": null,
            "tags_all": {}
          },
          "sensitive_attributes": [],
          "private": "eyJzY2hlbWFfdmVyc2lvbiI6IjEifQ=="
        }
      ]
    },
    {
      "mode": "managed",
      "type": "aws_security_group",
      "name": "vm_sg",
      "provider": "provider[\"registry.terraform.io/hashicorp/aws\"]",
      "instances": [
        {
          "schema_version": 1,
          "attributes": {
            "arn": "arn:aws:ec2:eu-west-1:588738582933:security-group/sg-0fe056bae4c973f6f",
            "description": "Allow SSH and HTTP",
            "egress": [
              {
                "cidr_blocks": [
                  "0.0.0.0/0"
                ],
                "description": "",
                "from_port": 0,
                "ipv6_cidr_blocks": [],
                "prefix_list_ids": [],
                "protocol": "-1",
                "security_groups": [],
                "self": false,
                "to_port": 0
              }
            ],
            "id": "sg-0fe056bae4c973f6f",
            "ingress": [
              {
                "cidr_blocks": [
                  "0.0.0.0/0"
                ],
                "description": "",
                "from_port": 22,
                "ipv6_cidr_blocks": [],
                "prefix_list_ids": [],
                "protocol": "tcp",
                "security_groups": [],
                "self": false,
                "to_port": 22
              },
              {
                "cidr_blocks": [
                  "0.0.0.0/0"
                ],
                "description": "",
                "from_port": 80,
                "ipv6_cidr_blocks": [],
                "prefix_list_ids": [],
                "protocol": "tcp",
                "security_groups": [],
                "self": false,
                "to_port": 80
              }
            ],
            "name": "vm_security_group",
            "name_prefix": "",
            "owner_id": "588738582933",
            "revoke_rules_on_delete": false,
            "tags": null,
            "tags_all": {},
            "timeouts": null,
            "vpc_id": "vpc-0d95569b67e51269b"
          },
          "sensitive_attributes": [],
          "private": "eyJlMmJmYjczMC1lY2FhLTExZTYtOGY4OC0zNDM2M2JjN2M0YzAiOnsiY3JlYXRlIjo2MDAwMDAwMDAwMDAsImRlbGV0ZSI6OTAwMDAwMDAwMDAwfSwic2NoZW1hX3ZlcnNpb24iOiIxIn0="
        }
      ]
    },
    {
      "mode": "managed",
      "type": "local_file",
      "name": "output_ip",
      "provider": "provider[\"registry.terraform.io/hashicorp/local\"]",
      "instances": [
        {
          "schema_version": 0,
          "attributes": {
            "content": "54.75.190.135",
            "content_base64": null,
            "content_base64sha256": "yiRyzuuJEQXnyQJmVtAWrjP0vGevS9wK5WYqmixNRVE=",
            "content_base64sha512": "YygT9TJvIsSpsiw9FyAt+MkFTjP0930vF+CZaxZaLEsN9C51pMxJ+rdNEnNXXO9N5YQN6UEz+LetH/8Ix2hRrg==",
            "content_md5": "8bda5dd7b4b3ba41b27e68858df670a4",
            "content_sha1": "9f1c3906ddccd2c4437be927cd0cf8214c4b221c",
            "content_sha256": "ca2472ceeb891105e7c9026656d016ae33f4bc67af4bdc0ae5662a9a2c4d4551",
            "content_sha512": "632813f5326f22c4a9b22c3d17202df8c9054e33f4f77d2f17e0996b165a2c4b0df42e75a4cc49fab74d1273575cef4de5840de94133f8b7ad1fff08c76851ae",
            "directory_permission": "0777",
            "file_permission": "0777",
            "filename": "./vm_ip.txt",
            "id": "9f1c3906ddccd2c4437be927cd0cf8214c4b221c",
            "sensitive_content": null,
            "source": null
          },
          "sensitive_attributes": [
            [
              {
                "type": "get_attr",
                "value": "sensitive_content"
              }
            ]
          ],
          "dependencies": [
            "aws_instance.vm",
            "aws_key_pair.my_key",
            "aws_security_group.vm_sg"
          ]
        }
      ]
    }
  ],
  "check_results": null
}
